
Microsoft Visual Studio Solution File, Format Version 12.00
# Visual Studio Version 16
VisualStudioVersion = 16.0.30804.86
MinimumVisualStudioVersion = 10.0.40219.1
Project("{FAE04EC0-301F-11D3-BF4B-00C04F79EFBC}") = "bussen", "bussen\bussen.csproj", "{55DA5AE4-E607-4B0E-9C7D-E5302BD0CCD7}"
EndProject
Global
	GlobalSection(SolutionConfigurationPlatforms) = preSolution
		Debug|Any CPU = Debug|Any CPU
		Release|Any CPU = Release|Any CPU
	EndGlobalSection
	GlobalSection(ProjectConfigurationPlatforms) = postSolution
		{55DA5AE4-E607-4B0E-9C7D-E5302BD0CCD7}.Debug|Any CPU.ActiveCfg = Debug|Any CPU
		{55DA5AE4-E607-4B0E-9C7D-E5302BD0CCD7}.Debug|Any CPU.Build.0 = Debug|Any CPU
		{55DA5AE4-E607-4B0E-9C7D-E5302BD0CCD7}.Release|Any CPU.ActiveCfg = Release|Any CPU
		{55DA5AE4-E607-4B0E-9C7D-E5302BD0CCD7}.Release|Any CPU.Build.0 = Release|Any CPU
	EndGlobalSection
	GlobalSection(SolutionProperties) = preSolution
		HideSolutionNode = FALSE
	EndGlobalSection
	GlobalSection(ExtensibilityGlobals) = postSolution
		SolutionGuid = {193DE3D8-D513-415F-A76B-9026D499F473}
	EndGlobalSection
EndGlobal
